
Microsoft Visual Studio Solution File, Format Version 12.00
# Visual Studio 15
Project("{FAE04EC0-301F-11D3-BF4B-00C04F79EFBC}") = "MVVMLogin.Android", "MVVMLogin.Android\MVVMLogin.Android.csproj", "{9A8ED078-86BB-4805-88C9-91F2715F492F}"
EndProject
Project("{FAE04EC0-301F-11D3-BF4B-00C04F79EFBC}") = "MVVMLogin.iOS", "MVVMLogin.iOS\MVVMLogin.iOS.csproj", "{2D882C5F-B2F7-436D-8485-0632D1A9ECDE}"
EndProject
Project("{FAE04EC0-301F-11D3-BF4B-00C04F79EFBC}") = "MVVMLogin", "MVVMLogin\MVVMLogin.csproj", "{21AE9273-EEEA-45D0-AF78-50DD3188168F}"
EndProject
Global
	GlobalSection(SolutionConfigurationPlatforms) = preSolution
		Debug|Any CPU = Debug|Any CPU
		Release|Any CPU = Release|Any CPU
		Debug|iPhoneSimulator = Debug|iPhoneSimulator
		Release|iPhoneSimulator = Release|iPhoneSimulator
		Debug|iPhone = Debug|iPhone
		Release|iPhone = Release|iPhone
	EndGlobalSection
	GlobalSection(ProjectConfigurationPlatforms) = postSolution
		{9A8ED078-86BB-4805-88C9-91F2715F492F}.Debug|Any CPU.ActiveCfg = Debug|Any CPU
		{9A8ED078-86BB-4805-88C9-91F2715F492F}.Debug|Any CPU.Build.0 = Debug|Any CPU
		{9A8ED078-86BB-4805-88C9-91F2715F492F}.Release|Any CPU.ActiveCfg = Release|Any CPU
		{9A8ED078-86BB-4805-88C9-91F2715F492F}.Release|Any CPU.Build.0 = Release|Any CPU
		{9A8ED078-86BB-4805-88C9-91F2715F492F}.Debug|iPhoneSimulator.ActiveCfg = Debug|Any CPU
		{9A8ED078-86BB-4805-88C9-91F2715F492F}.Debug|iPhoneSimulator.Build.0 = Debug|Any CPU
		{9A8ED078-86BB-4805-88C9-91F2715F492F}.Release|iPhoneSimulator.ActiveCfg = Release|Any CPU
		{9A8ED078-86BB-4805-88C9-91F2715F492F}.Release|iPhoneSimulator.Build.0 = Release|Any CPU
		{9A8ED078-86BB-4805-88C9-91F2715F492F}.Debug|iPhone.ActiveCfg = Debug|Any CPU
		{9A8ED078-86BB-4805-88C9-91F2715F492F}.Debug|iPhone.Build.0 = Debug|Any CPU
		{9A8ED078-86BB-4805-88C9-91F2715F492F}.Release|iPhone.ActiveCfg = Release|Any CPU
		{9A8ED078-86BB-4805-88C9-91F2715F492F}.Release|iPhone.Build.0 = Release|Any CPU
		{2D882C5F-B2F7-436D-8485-0632D1A9ECDE}.Debug|Any CPU.ActiveCfg = Debug|iPhoneSimulator
		{2D882C5F-B2F7-436D-8485-0632D1A9ECDE}.Debug|Any CPU.Build.0 = Debug|iPhoneSimulator
		{2D882C5F-B2F7-436D-8485-0632D1A9ECDE}.Release|Any CPU.ActiveCfg = Release|iPhoneSimulator
		{2D882C5F-B2F7-436D-8485-0632D1A9ECDE}.Release|Any CPU.Build.0 = Release|iPhoneSimulator
		{2D882C5F-B2F7-436D-8485-0632D1A9ECDE}.Debug|iPhoneSimulator.ActiveCfg = Debug|iPhoneSimulator
		{2D882C5F-B2F7-436D-8485-0632D1A9ECDE}.Debug|iPhoneSimulator.Build.0 = Debug|iPhoneSimulator
		{2D882C5F-B2F7-436D-8485-0632D1A9ECDE}.Release|iPhoneSimulator.ActiveCfg = Release|iPhoneSimulator
		{2D882C5F-B2F7-436D-8485-0632D1A9ECDE}.Release|iPhoneSimulator.Build.0 = Release|iPhoneSimulator
		{2D882C5F-B2F7-436D-8485-0632D1A9ECDE}.Debug|iPhone.ActiveCfg = Debug|iPhone
		{2D882C5F-B2F7-436D-8485-0632D1A9ECDE}.Debug|iPhone.Build.0 = Debug|iPhone
		{2D882C5F-B2F7-436D-8485-0632D1A9ECDE}.Release|iPhone.ActiveCfg = Release|iPhone
		{2D882C5F-B2F7-436D-8485-0632D1A9ECDE}.Release|iPhone.Build.0 = Release|iPhone
		{21AE9273-EEEA-45D0-AF78-50DD3188168F}.Debug|Any CPU.ActiveCfg = Debug|Any CPU
		{21AE9273-EEEA-45D0-AF78-50DD3188168F}.Debug|Any CPU.Build.0 = Debug|Any CPU
		{21AE9273-EEEA-45D0-AF78-50DD3188168F}.Release|Any CPU.ActiveCfg = Release|Any CPU
		{21AE9273-EEEA-45D0-AF78-50DD3188168F}.Release|Any CPU.Build.0 = Release|Any CPU
		{21AE9273-EEEA-45D0-AF78-50DD3188168F}.Debug|iPhoneSimulator.ActiveCfg = Debug|Any CPU
		{21AE9273-EEEA-45D0-AF78-50DD3188168F}.Debug|iPhoneSimulator.Build.0 = Debug|Any CPU
		{21AE9273-EEEA-45D0-AF78-50DD3188168F}.Release|iPhoneSimulator.ActiveCfg = Release|Any CPU
		{21AE9273-EEEA-45D0-AF78-50DD3188168F}.Release|iPhoneSimulator.Build.0 = Release|Any CPU
		{21AE9273-EEEA-45D0-AF78-50DD3188168F}.Debug|iPhone.ActiveCfg = Debug|Any CPU
		{21AE9273-EEEA-45D0-AF78-50DD3188168F}.Debug|iPhone.Build.0 = Debug|Any CPU
		{21AE9273-EEEA-45D0-AF78-50DD3188168F}.Release|iPhone.ActiveCfg = Release|Any CPU
		{21AE9273-EEEA-45D0-AF78-50DD3188168F}.Release|iPhone.Build.0 = Release|Any CPU
	EndGlobalSection
EndGlobal
